
Microsoft Visual Studio Solution File, Format Version 12.00
# Visual Studio 15
VisualStudioVersion = 15.0.27004.2005
MinimumVisualStudioVersion = 10.0.40219.1
Project("{FAE04EC0-301F-11D3-BF4B-00C04F79EFBC}") = "BasicTestApp", "BasicTestApp\BasicTestApp.csproj", "{58C8FFBB-1E16-4F9A-BEB1-0936C1B03CFC}"
EndProject
Project("{2150E333-8FDC-42A3-9474-1A3956D46DE8}") = "1_UI", "1_UI", "{CB6D848C-CC07-4AC0-8A71-BD5AD89BDACB}"
EndProject
Project("{2150E333-8FDC-42A3-9474-1A3956D46DE8}") = "2_API", "2_API", "{95956CFF-1DC6-4040-BBEB-36C2CAA86285}"
EndProject
Project("{2150E333-8FDC-42A3-9474-1A3956D46DE8}") = "3_BoundContext", "3_BoundContext", "{0FD23DC8-0AD5-4E47-9C73-43714575F59B}"
EndProject
Project("{2150E333-8FDC-42A3-9474-1A3956D46DE8}") = "4_Data", "4_Data", "{027C1BA0-9028-40D9-88C2-87C3DAB07E20}"
EndProject
Project("{2150E333-8FDC-42A3-9474-1A3956D46DE8}") = "6_SharedKernel", "6_SharedKernel", "{50D1E6FA-388E-4EF5-986F-C1AB162ADE56}"
EndProject
Project("{2150E333-8FDC-42A3-9474-1A3956D46DE8}") = "0_Tests", "0_Tests", "{0A7C1DDF-28F9-4213-8564-AC637F47B622}"
EndProject
Project("{2150E333-8FDC-42A3-9474-1A3956D46DE8}") = "User", "User", "{93656C2C-E9F0-4432-A744-78720C98DEA3}"
EndProject
Project("{2150E333-8FDC-42A3-9474-1A3956D46DE8}") = "Sales", "Sales", "{D6F5C3E1-775B-4DB4-A212-741235603051}"
EndProject
Project("{2150E333-8FDC-42A3-9474-1A3956D46DE8}") = "Model", "Model", "{114A79AE-5C29-454D-888E-AD15414632CC}"
EndProject
Project("{2150E333-8FDC-42A3-9474-1A3956D46DE8}") = "Services", "Services", "{29BBD892-7C64-4A90-8A1C-61AA81D81D8A}"
EndProject
Project("{2150E333-8FDC-42A3-9474-1A3956D46DE8}") = "Domain", "Domain", "{AEB802A5-9A5F-4B1A-A441-1D7F51978812}"
EndProject
Project("{2150E333-8FDC-42A3-9474-1A3956D46DE8}") = "Domain", "Domain", "{19E55ECC-F593-41F2-8EBD-6F797C9FD619}"
EndProject
Project("{2150E333-8FDC-42A3-9474-1A3956D46DE8}") = "Model", "Model", "{58B91931-9932-4406-AAD6-BFBD1E1F21EA}"
EndProject
Project("{2150E333-8FDC-42A3-9474-1A3956D46DE8}") = "Services", "Services", "{613D3FEC-27AF-40CB-8368-D85E15554FF1}"
EndProject
Project("{2150E333-8FDC-42A3-9474-1A3956D46DE8}") = "5_DataAccess", "5_DataAccess", "{F8009506-AB88-4E8E-BE84-574E688E2808}"
EndProject
Global
	GlobalSection(SolutionConfigurationPlatforms) = preSolution
		Debug|Any CPU = Debug|Any CPU
		Release|Any CPU = Release|Any CPU
	EndGlobalSection
	GlobalSection(ProjectConfigurationPlatforms) = postSolution
		{58C8FFBB-1E16-4F9A-BEB1-0936C1B03CFC}.Debug|Any CPU.ActiveCfg = Debug|Any CPU
		{58C8FFBB-1E16-4F9A-BEB1-0936C1B03CFC}.Debug|Any CPU.Build.0 = Debug|Any CPU
		{58C8FFBB-1E16-4F9A-BEB1-0936C1B03CFC}.Release|Any CPU.ActiveCfg = Release|Any CPU
		{58C8FFBB-1E16-4F9A-BEB1-0936C1B03CFC}.Release|Any CPU.Build.0 = Release|Any CPU
	EndGlobalSection
	GlobalSection(SolutionProperties) = preSolution
		HideSolutionNode = FALSE
	EndGlobalSection
	GlobalSection(NestedProjects) = preSolution
		{58C8FFBB-1E16-4F9A-BEB1-0936C1B03CFC} = {95956CFF-1DC6-4040-BBEB-36C2CAA86285}
		{93656C2C-E9F0-4432-A744-78720C98DEA3} = {0FD23DC8-0AD5-4E47-9C73-43714575F59B}
		{D6F5C3E1-775B-4DB4-A212-741235603051} = {0FD23DC8-0AD5-4E47-9C73-43714575F59B}
		{114A79AE-5C29-454D-888E-AD15414632CC} = {D6F5C3E1-775B-4DB4-A212-741235603051}
		{29BBD892-7C64-4A90-8A1C-61AA81D81D8A} = {D6F5C3E1-775B-4DB4-A212-741235603051}
		{AEB802A5-9A5F-4B1A-A441-1D7F51978812} = {D6F5C3E1-775B-4DB4-A212-741235603051}
		{19E55ECC-F593-41F2-8EBD-6F797C9FD619} = {93656C2C-E9F0-4432-A744-78720C98DEA3}
		{58B91931-9932-4406-AAD6-BFBD1E1F21EA} = {93656C2C-E9F0-4432-A744-78720C98DEA3}
		{613D3FEC-27AF-40CB-8368-D85E15554FF1} = {93656C2C-E9F0-4432-A744-78720C98DEA3}
	EndGlobalSection
	GlobalSection(ExtensibilityGlobals) = postSolution
		SolutionGuid = {999BED44-7BA2-42EB-B3AA-A8BD37D14A98}
	EndGlobalSection
EndGlobal
